
Microsoft Visual Studio Solution File, Format Version 12.00
# Visual Studio 2013
VisualStudioVersion = 12.0.21005.1
MinimumVisualStudioVersion = 10.0.40219.1
Project("{FAE04EC0-301F-11D3-BF4B-00C04F79EFBC}") = "StringStreamSample", "StringStreamSample\StringStreamSample.csproj", "{CF5F4548-02BC-4CA1-836C-8C254F160CBF}"
EndProject
Global
	GlobalSection(SolutionConfigurationPlatforms) = preSolution
		Debug|Any CPU = Debug|Any CPU
		Release|Any CPU = Release|Any CPU
	EndGlobalSection
	GlobalSection(ProjectConfigurationPlatforms) = postSolution
		{CF5F4548-02BC-4CA1-836C-8C254F160CBF}.Debug|Any CPU.ActiveCfg = Debug|Any CPU
		{CF5F4548-02BC-4CA1-836C-8C254F160CBF}.Debug|Any CPU.Build.0 = Debug|Any CPU
		{CF5F4548-02BC-4CA1-836C-8C254F160CBF}.Release|Any CPU.ActiveCfg = Release|Any CPU
		{CF5F4548-02BC-4CA1-836C-8C254F160CBF}.Release|Any CPU.Build.0 = Release|Any CPU
	EndGlobalSection
	GlobalSection(SolutionProperties) = preSolution
		HideSolutionNode = FALSE
	EndGlobalSection
EndGlobal
